// !$*UTF8*$!
{
	archiveVersion = 1;
	classes = {
	};
	objectVersion = 56;
	objects = {

/* Begin PBXBuildFile section */
		016CB63B2A7D493D005C4882 /* NetworkError.swift in Sources */ = {isa = PBXBuildFile; fileRef = 016CB63A2A7D493D005C4882 /* NetworkError.swift */; };
		016CB6412A7D49E4005C4882 /* NetworkService.swift in Sources */ = {isa = PBXBuildFile; fileRef = 016CB6402A7D49E4005C4882 /* NetworkService.swift */; };
		016CB6462A7D4A4C005C4882 /* MapsUseCase.swift in Sources */ = {isa = PBXBuildFile; fileRef = 016CB6452A7D4A4C005C4882 /* MapsUseCase.swift */; };
		016CB6492A7D4AFD005C4882 /* MapsRepository.swift in Sources */ = {isa = PBXBuildFile; fileRef = 016CB6482A7D4AFD005C4882 /* MapsRepository.swift */; };
		016CB64C2A7D4B23005C4882 /* MapsViewModel.swift in Sources */ = {isa = PBXBuildFile; fileRef = 016CB64B2A7D4B23005C4882 /* MapsViewModel.swift */; };
		016CB64E2A7D4B4D005C4882 /* (null) in Sources */ = {isa = PBXBuildFile; };
		016CB6562A87DB46005C4882 /* Literal.swift in Sources */ = {isa = PBXBuildFile; fileRef = 016CB6552A87DB46005C4882 /* Literal.swift */; };
		2A26EA202A8E62F900FA355B /* StationMarkerView.swift in Sources */ = {isa = PBXBuildFile; fileRef = 2A26EA1F2A8E62F900FA355B /* StationMarkerView.swift */; };
		2A26EA232A8E6B6300FA355B /* UIViewExtension.swift in Sources */ = {isa = PBXBuildFile; fileRef = 2A26EA222A8E6B6300FA355B /* UIViewExtension.swift */; };
		2A26EA282A9120E000FA355B /* SearchViewController.swift in Sources */ = {isa = PBXBuildFile; fileRef = 2A26EA272A9120E000FA355B /* SearchViewController.swift */; };
		2A26EA2A2A9120F100FA355B /* SearchHistoryView.swift in Sources */ = {isa = PBXBuildFile; fileRef = 2A26EA292A9120F100FA355B /* SearchHistoryView.swift */; };
		2A26EA2C2A91244F00FA355B /* SearchHistoryBaseViewCell.swift in Sources */ = {isa = PBXBuildFile; fileRef = 2A26EA2B2A91244F00FA355B /* SearchHistoryBaseViewCell.swift */; };
		2A26EA2E2A9200E700FA355B /* SearchTextfieldView.swift in Sources */ = {isa = PBXBuildFile; fileRef = 2A26EA2D2A9200E700FA355B /* SearchTextfieldView.swift */; };
		2A2F696B2A93A50300B07652 /* EmptyHistoryView.swift in Sources */ = {isa = PBXBuildFile; fileRef = 2A2F696A2A93A50300B07652 /* EmptyHistoryView.swift */; };
		2A7A8B7B2A964EAB00D0FFC2 /* Pallete.swift in Sources */ = {isa = PBXBuildFile; fileRef = 2A7A8B7A2A964EAB00D0FFC2 /* Pallete.swift */; };
		2A7A8BAC2A96517C00D0FFC2 /* Pretendard-Bold.otf in Resources */ = {isa = PBXBuildFile; fileRef = 2A7A8BA72A96517C00D0FFC2 /* Pretendard-Bold.otf */; };
		2A7A8BAD2A96517C00D0FFC2 /* Pretendard-Bold.otf in Resources */ = {isa = PBXBuildFile; fileRef = 2A7A8BA72A96517C00D0FFC2 /* Pretendard-Bold.otf */; };
		2A7A8BAE2A96517C00D0FFC2 /* Pretendard-Bold.otf in Resources */ = {isa = PBXBuildFile; fileRef = 2A7A8BA72A96517C00D0FFC2 /* Pretendard-Bold.otf */; };
		2A7A8BAF2A96517C00D0FFC2 /* Pretendard-Regular.otf in Resources */ = {isa = PBXBuildFile; fileRef = 2A7A8BA82A96517C00D0FFC2 /* Pretendard-Regular.otf */; };
		2A7A8BB02A96517C00D0FFC2 /* Pretendard-Regular.otf in Resources */ = {isa = PBXBuildFile; fileRef = 2A7A8BA82A96517C00D0FFC2 /* Pretendard-Regular.otf */; };
		2A7A8BB12A96517C00D0FFC2 /* Pretendard-Regular.otf in Resources */ = {isa = PBXBuildFile; fileRef = 2A7A8BA82A96517C00D0FFC2 /* Pretendard-Regular.otf */; };
		2A7A8BB22A96517C00D0FFC2 /* Pretendard-Medium.otf in Resources */ = {isa = PBXBuildFile; fileRef = 2A7A8BA92A96517C00D0FFC2 /* Pretendard-Medium.otf */; };
		2A7A8BB32A96517C00D0FFC2 /* Pretendard-Medium.otf in Resources */ = {isa = PBXBuildFile; fileRef = 2A7A8BA92A96517C00D0FFC2 /* Pretendard-Medium.otf */; };
		2A7A8BB42A96517C00D0FFC2 /* Pretendard-Medium.otf in Resources */ = {isa = PBXBuildFile; fileRef = 2A7A8BA92A96517C00D0FFC2 /* Pretendard-Medium.otf */; };
		2A7A8BB52A96517C00D0FFC2 /* Pretendard-Light.otf in Resources */ = {isa = PBXBuildFile; fileRef = 2A7A8BAA2A96517C00D0FFC2 /* Pretendard-Light.otf */; };
		2A7A8BB62A96517C00D0FFC2 /* Pretendard-Light.otf in Resources */ = {isa = PBXBuildFile; fileRef = 2A7A8BAA2A96517C00D0FFC2 /* Pretendard-Light.otf */; };
		2A7A8BB72A96517C00D0FFC2 /* Pretendard-Light.otf in Resources */ = {isa = PBXBuildFile; fileRef = 2A7A8BAA2A96517C00D0FFC2 /* Pretendard-Light.otf */; };
		2A7A8BB82A96517C00D0FFC2 /* Pretendard-SemiBold.otf in Resources */ = {isa = PBXBuildFile; fileRef = 2A7A8BAB2A96517C00D0FFC2 /* Pretendard-SemiBold.otf */; };
		2A7A8BB92A96517C00D0FFC2 /* Pretendard-SemiBold.otf in Resources */ = {isa = PBXBuildFile; fileRef = 2A7A8BAB2A96517C00D0FFC2 /* Pretendard-SemiBold.otf */; };
		2A7A8BBA2A96517C00D0FFC2 /* Pretendard-SemiBold.otf in Resources */ = {isa = PBXBuildFile; fileRef = 2A7A8BAB2A96517C00D0FFC2 /* Pretendard-SemiBold.otf */; };
		2AB2850C2A98B0370077ED7C /* EmptySearchView.swift in Sources */ = {isa = PBXBuildFile; fileRef = 2AB2850B2A98B0370077ED7C /* EmptySearchView.swift */; };
		2AB2850F2A98EF700077ED7C /* HomeViewController.swift in Sources */ = {isa = PBXBuildFile; fileRef = 2AB2850E2A98EF700077ED7C /* HomeViewController.swift */; };
		2AB285122A98EFB80077ED7C /* RecentSearchView.swift in Sources */ = {isa = PBXBuildFile; fileRef = 2AB285112A98EFB80077ED7C /* RecentSearchView.swift */; };
		2AB285152A98F07D0077ED7C /* SearchHistoryBaseView.swift in Sources */ = {isa = PBXBuildFile; fileRef = 2AB285142A98F07D0077ED7C /* SearchHistoryBaseView.swift */; };
		2AB285172A98F41C0077ED7C /* HomeSearchTextfieldView.swift in Sources */ = {isa = PBXBuildFile; fileRef = 2AB285162A98F41C0077ED7C /* HomeSearchTextfieldView.swift */; };
		2AB285192A98F8670077ED7C /* HomeTitleView.swift in Sources */ = {isa = PBXBuildFile; fileRef = 2AB285182A98F8670077ED7C /* HomeTitleView.swift */; };
		2AB2851B2A9909670077ED7C /* InAppAlertButtonView.swift in Sources */ = {isa = PBXBuildFile; fileRef = 2AB2851A2A9909670077ED7C /* InAppAlertButtonView.swift */; };
		2AB2851D2A990E070077ED7C /* EmptyRecentSearchView.swift in Sources */ = {isa = PBXBuildFile; fileRef = 2AB2851C2A990E070077ED7C /* EmptyRecentSearchView.swift */; };
		2AB285202A9B29BF0077ED7C /* StationDTO.swift in Sources */ = {isa = PBXBuildFile; fileRef = 2AB2851F2A9B29BF0077ED7C /* StationDTO.swift */; };
		2AB285222A9B2CB20077ED7C /* AlertDTO.swift in Sources */ = {isa = PBXBuildFile; fileRef = 2AB285212A9B2CB20077ED7C /* AlertDTO.swift */; };
		2AB285242A9B2F080077ED7C /* StationDetailDTO.swift in Sources */ = {isa = PBXBuildFile; fileRef = 2AB285232A9B2F080077ED7C /* StationDetailDTO.swift */; };
		2AB285272A9B36280077ED7C /* MockData.swift in Sources */ = {isa = PBXBuildFile; fileRef = 2AB285262A9B36280077ED7C /* MockData.swift */; };
		2AB2852A2A9B40350077ED7C /* SearchViewModel.swift in Sources */ = {isa = PBXBuildFile; fileRef = 2AB285292A9B40350077ED7C /* SearchViewModel.swift */; };
		2AB2852C2A9B413A0077ED7C /* VoiceRecognitionManager.swift in Sources */ = {isa = PBXBuildFile; fileRef = 2AB2852B2A9B413A0077ED7C /* VoiceRecognitionManager.swift */; };
		2AB2852E2A9B5E140077ED7C /* VoiceSearchLottieView.swift in Sources */ = {isa = PBXBuildFile; fileRef = 2AB2852D2A9B5E140077ED7C /* VoiceSearchLottieView.swift */; };
		2AB285322A9B5F150077ED7C /* VoiceLottie.json in Resources */ = {isa = PBXBuildFile; fileRef = 2AB285312A9B5F150077ED7C /* VoiceLottie.json */; };
		2AB285362A9E343D0077ED7C /* ElevatorMarkerView.swift in Sources */ = {isa = PBXBuildFile; fileRef = 2AB285352A9E343D0077ED7C /* ElevatorMarkerView.swift */; };
		2AB285382A9E36CB0077ED7C /* CurrentLocationButton.swift in Sources */ = {isa = PBXBuildFile; fileRef = 2AB285372A9E36CB0077ED7C /* CurrentLocationButton.swift */; };
		2AB2853B2A9F8A460077ED7C /* StationDetailViewController.swift in Sources */ = {isa = PBXBuildFile; fileRef = 2AB2853A2A9F8A460077ED7C /* StationDetailViewController.swift */; };
		2AB2853E2A9F8AAD0077ED7C /* StationDetailCollectionView.swift in Sources */ = {isa = PBXBuildFile; fileRef = 2AB2853D2A9F8AAD0077ED7C /* StationDetailCollectionView.swift */; };
		2AB285402A9F8ABD0077ED7C /* StationDetailCollectionViewCell.swift in Sources */ = {isa = PBXBuildFile; fileRef = 2AB2853F2A9F8ABD0077ED7C /* StationDetailCollectionViewCell.swift */; };
		2AB285422A9F8AD50077ED7C /* StationDetailTitleView.swift in Sources */ = {isa = PBXBuildFile; fileRef = 2AB285412A9F8AD50077ED7C /* StationDetailTitleView.swift */; };
		2AB285472AA239680077ED7C /* StationMapWebView.swift in Sources */ = {isa = PBXBuildFile; fileRef = 2AB285462AA239680077ED7C /* StationMapWebView.swift */; };
		2AB2854A2AA23A660077ED7C /* FacilitiesTableViewCell.swift in Sources */ = {isa = PBXBuildFile; fileRef = 2AB285492AA23A660077ED7C /* FacilitiesTableViewCell.swift */; };
		2AB2854C2AA23AE80077ED7C /* FacilitiesView.swift in Sources */ = {isa = PBXBuildFile; fileRef = 2AB2854B2AA23AE70077ED7C /* FacilitiesView.swift */; };
		2AC755172A7BFD2F00099C2A /* AppDelegate.swift in Sources */ = {isa = PBXBuildFile; fileRef = 2AC755162A7BFD2F00099C2A /* AppDelegate.swift */; };
		2AC755192A7BFD2F00099C2A /* SceneDelegate.swift in Sources */ = {isa = PBXBuildFile; fileRef = 2AC755182A7BFD2F00099C2A /* SceneDelegate.swift */; };
		2AC7551B2A7BFD2F00099C2A /* MapsViewController.swift in Sources */ = {isa = PBXBuildFile; fileRef = 2AC7551A2A7BFD2F00099C2A /* MapsViewController.swift */; };
		2AC755212A7BFD2F00099C2A /* FREEWAY.xcdatamodeld in Sources */ = {isa = PBXBuildFile; fileRef = 2AC7551F2A7BFD2F00099C2A /* FREEWAY.xcdatamodeld */; };
		2AC755232A7BFD3000099C2A /* Assets.xcassets in Resources */ = {isa = PBXBuildFile; fileRef = 2AC755222A7BFD3000099C2A /* Assets.xcassets */; };
		2AC755262A7BFD3000099C2A /* LaunchScreen.storyboard in Resources */ = {isa = PBXBuildFile; fileRef = 2AC755242A7BFD3000099C2A /* LaunchScreen.storyboard */; };
		2AC755312A7BFD3000099C2A /* FREEWAYTests.swift in Sources */ = {isa = PBXBuildFile; fileRef = 2AC755302A7BFD3000099C2A /* FREEWAYTests.swift */; };
		2AC7553B2A7BFD3000099C2A /* FREEWAYUITests.swift in Sources */ = {isa = PBXBuildFile; fileRef = 2AC7553A2A7BFD3000099C2A /* FREEWAYUITests.swift */; };
		2AC7553D2A7BFD3000099C2A /* FREEWAYUITestsLaunchTests.swift in Sources */ = {isa = PBXBuildFile; fileRef = 2AC7553C2A7BFD3000099C2A /* FREEWAYUITestsLaunchTests.swift */; };
		2AC7554B2A7BFE6000099C2A /* SnapKit in Frameworks */ = {isa = PBXBuildFile; productRef = 2AC7554A2A7BFE6000099C2A /* SnapKit */; };
		2AC7554E2A7BFEA100099C2A /* Then in Frameworks */ = {isa = PBXBuildFile; productRef = 2AC7554D2A7BFEA100099C2A /* Then */; };
		2AC755512A7BFEED00099C2A /* Alamofire in Frameworks */ = {isa = PBXBuildFile; productRef = 2AC755502A7BFEED00099C2A /* Alamofire */; };
		2AC755542A7C004B00099C2A /* RxSwift in Frameworks */ = {isa = PBXBuildFile; productRef = 2AC755532A7C004B00099C2A /* RxSwift */; };
		355FFDDE0953D5A7C4435244 /* Pods_FREEWAY.framework in Frameworks */ = {isa = PBXBuildFile; fileRef = 10CC25F152549A99084FF2F4 /* Pods_FREEWAY.framework */; };
		38D8CA7A641B41DE66FBAF6D /* Pods_FREEWAYTests.framework in Frameworks */ = {isa = PBXBuildFile; fileRef = 1E8CCA570A4E0238769A7DFB /* Pods_FREEWAYTests.framework */; };
		4CEE460C0F7448316E492A83 /* Pods_FREEWAY_FREEWAYUITests.framework in Frameworks */ = {isa = PBXBuildFile; fileRef = 23B019DCAF33D6AEE416BE0D /* Pods_FREEWAY_FREEWAYUITests.framework */; };
/* End PBXBuildFile section */

/* Begin PBXContainerItemProxy section */
		2AC7552D2A7BFD3000099C2A /* PBXContainerItemProxy */ = {
			isa = PBXContainerItemProxy;
			containerPortal = 2AC7550B2A7BFD2F00099C2A /* Project object */;
			proxyType = 1;
			remoteGlobalIDString = 2AC755122A7BFD2F00099C2A;
			remoteInfo = FREEWAY;
		};
		2AC755372A7BFD3000099C2A /* PBXContainerItemProxy */ = {
			isa = PBXContainerItemProxy;
			containerPortal = 2AC7550B2A7BFD2F00099C2A /* Project object */;
			proxyType = 1;
			remoteGlobalIDString = 2AC755122A7BFD2F00099C2A;
			remoteInfo = FREEWAY;
		};
/* End PBXContainerItemProxy section */

/* Begin PBXFileReference section */
		016CB63A2A7D493D005C4882 /* NetworkError.swift */ = {isa = PBXFileReference; lastKnownFileType = sourcecode.swift; path = NetworkError.swift; sourceTree = "<group>"; };
		016CB6402A7D49E4005C4882 /* NetworkService.swift */ = {isa = PBXFileReference; lastKnownFileType = sourcecode.swift; path = NetworkService.swift; sourceTree = "<group>"; };
		016CB6452A7D4A4C005C4882 /* MapsUseCase.swift */ = {isa = PBXFileReference; lastKnownFileType = sourcecode.swift; path = MapsUseCase.swift; sourceTree = "<group>"; };
		016CB6482A7D4AFD005C4882 /* MapsRepository.swift */ = {isa = PBXFileReference; lastKnownFileType = sourcecode.swift; path = MapsRepository.swift; sourceTree = "<group>"; };
		016CB64B2A7D4B23005C4882 /* MapsViewModel.swift */ = {isa = PBXFileReference; lastKnownFileType = sourcecode.swift; path = MapsViewModel.swift; sourceTree = "<group>"; };
		016CB6552A87DB46005C4882 /* Literal.swift */ = {isa = PBXFileReference; lastKnownFileType = sourcecode.swift; path = Literal.swift; sourceTree = "<group>"; };
		10CC25F152549A99084FF2F4 /* Pods_FREEWAY.framework */ = {isa = PBXFileReference; explicitFileType = wrapper.framework; includeInIndex = 0; path = Pods_FREEWAY.framework; sourceTree = BUILT_PRODUCTS_DIR; };
		1E8CCA570A4E0238769A7DFB /* Pods_FREEWAYTests.framework */ = {isa = PBXFileReference; explicitFileType = wrapper.framework; includeInIndex = 0; path = Pods_FREEWAYTests.framework; sourceTree = BUILT_PRODUCTS_DIR; };
		23B019DCAF33D6AEE416BE0D /* Pods_FREEWAY_FREEWAYUITests.framework */ = {isa = PBXFileReference; explicitFileType = wrapper.framework; includeInIndex = 0; path = Pods_FREEWAY_FREEWAYUITests.framework; sourceTree = BUILT_PRODUCTS_DIR; };
		2A26EA1F2A8E62F900FA355B /* StationMarkerView.swift */ = {isa = PBXFileReference; lastKnownFileType = sourcecode.swift; path = StationMarkerView.swift; sourceTree = "<group>"; };
		2A26EA222A8E6B6300FA355B /* UIViewExtension.swift */ = {isa = PBXFileReference; lastKnownFileType = sourcecode.swift; path = UIViewExtension.swift; sourceTree = "<group>"; };
		2A26EA272A9120E000FA355B /* SearchViewController.swift */ = {isa = PBXFileReference; lastKnownFileType = sourcecode.swift; path = SearchViewController.swift; sourceTree = "<group>"; };
		2A26EA292A9120F100FA355B /* SearchHistoryView.swift */ = {isa = PBXFileReference; lastKnownFileType = sourcecode.swift; path = SearchHistoryView.swift; sourceTree = "<group>"; };
		2A26EA2B2A91244F00FA355B /* SearchHistoryBaseViewCell.swift */ = {isa = PBXFileReference; lastKnownFileType = sourcecode.swift; path = SearchHistoryBaseViewCell.swift; sourceTree = "<group>"; };
		2A26EA2D2A9200E700FA355B /* SearchTextfieldView.swift */ = {isa = PBXFileReference; lastKnownFileType = sourcecode.swift; path = SearchTextfieldView.swift; sourceTree = "<group>"; };
		2A2F696A2A93A50300B07652 /* EmptyHistoryView.swift */ = {isa = PBXFileReference; lastKnownFileType = sourcecode.swift; path = EmptyHistoryView.swift; sourceTree = "<group>"; };
		2A7A8B7A2A964EAB00D0FFC2 /* Pallete.swift */ = {isa = PBXFileReference; lastKnownFileType = sourcecode.swift; path = Pallete.swift; sourceTree = "<group>"; };
		2A7A8BA72A96517C00D0FFC2 /* Pretendard-Bold.otf */ = {isa = PBXFileReference; lastKnownFileType = file; path = "Pretendard-Bold.otf"; sourceTree = "<group>"; };
		2A7A8BA82A96517C00D0FFC2 /* Pretendard-Regular.otf */ = {isa = PBXFileReference; lastKnownFileType = file; path = "Pretendard-Regular.otf"; sourceTree = "<group>"; };
		2A7A8BA92A96517C00D0FFC2 /* Pretendard-Medium.otf */ = {isa = PBXFileReference; lastKnownFileType = file; path = "Pretendard-Medium.otf"; sourceTree = "<group>"; };
		2A7A8BAA2A96517C00D0FFC2 /* Pretendard-Light.otf */ = {isa = PBXFileReference; lastKnownFileType = file; path = "Pretendard-Light.otf"; sourceTree = "<group>"; };
		2A7A8BAB2A96517C00D0FFC2 /* Pretendard-SemiBold.otf */ = {isa = PBXFileReference; lastKnownFileType = file; path = "Pretendard-SemiBold.otf"; sourceTree = "<group>"; };
		2AB2850B2A98B0370077ED7C /* EmptySearchView.swift */ = {isa = PBXFileReference; lastKnownFileType = sourcecode.swift; path = EmptySearchView.swift; sourceTree = "<group>"; };
		2AB2850E2A98EF700077ED7C /* HomeViewController.swift */ = {isa = PBXFileReference; lastKnownFileType = sourcecode.swift; path = HomeViewController.swift; sourceTree = "<group>"; };
		2AB285112A98EFB80077ED7C /* RecentSearchView.swift */ = {isa = PBXFileReference; lastKnownFileType = sourcecode.swift; path = RecentSearchView.swift; sourceTree = "<group>"; };
		2AB285142A98F07D0077ED7C /* SearchHistoryBaseView.swift */ = {isa = PBXFileReference; lastKnownFileType = sourcecode.swift; path = SearchHistoryBaseView.swift; sourceTree = "<group>"; };
		2AB285162A98F41C0077ED7C /* HomeSearchTextfieldView.swift */ = {isa = PBXFileReference; lastKnownFileType = sourcecode.swift; path = HomeSearchTextfieldView.swift; sourceTree = "<group>"; };
		2AB285182A98F8670077ED7C /* HomeTitleView.swift */ = {isa = PBXFileReference; lastKnownFileType = sourcecode.swift; path = HomeTitleView.swift; sourceTree = "<group>"; };
		2AB2851A2A9909670077ED7C /* InAppAlertButtonView.swift */ = {isa = PBXFileReference; lastKnownFileType = sourcecode.swift; path = InAppAlertButtonView.swift; sourceTree = "<group>"; };
		2AB2851C2A990E070077ED7C /* EmptyRecentSearchView.swift */ = {isa = PBXFileReference; lastKnownFileType = sourcecode.swift; path = EmptyRecentSearchView.swift; sourceTree = "<group>"; };
		2AB2851F2A9B29BF0077ED7C /* StationDTO.swift */ = {isa = PBXFileReference; lastKnownFileType = sourcecode.swift; path = StationDTO.swift; sourceTree = "<group>"; };
		2AB285212A9B2CB20077ED7C /* AlertDTO.swift */ = {isa = PBXFileReference; lastKnownFileType = sourcecode.swift; path = AlertDTO.swift; sourceTree = "<group>"; };
		2AB285232A9B2F080077ED7C /* StationDetailDTO.swift */ = {isa = PBXFileReference; lastKnownFileType = sourcecode.swift; path = StationDetailDTO.swift; sourceTree = "<group>"; };
		2AB285262A9B36280077ED7C /* MockData.swift */ = {isa = PBXFileReference; lastKnownFileType = sourcecode.swift; path = MockData.swift; sourceTree = "<group>"; };
		2AB285292A9B40350077ED7C /* SearchViewModel.swift */ = {isa = PBXFileReference; lastKnownFileType = sourcecode.swift; path = SearchViewModel.swift; sourceTree = "<group>"; };
		2AB2852B2A9B413A0077ED7C /* VoiceRecognitionManager.swift */ = {isa = PBXFileReference; lastKnownFileType = sourcecode.swift; path = VoiceRecognitionManager.swift; sourceTree = "<group>"; };
		2AB2852D2A9B5E140077ED7C /* VoiceSearchLottieView.swift */ = {isa = PBXFileReference; lastKnownFileType = sourcecode.swift; path = VoiceSearchLottieView.swift; sourceTree = "<group>"; };
		2AB285312A9B5F150077ED7C /* VoiceLottie.json */ = {isa = PBXFileReference; lastKnownFileType = text.json; path = VoiceLottie.json; sourceTree = "<group>"; };
		2AB285352A9E343D0077ED7C /* ElevatorMarkerView.swift */ = {isa = PBXFileReference; lastKnownFileType = sourcecode.swift; path = ElevatorMarkerView.swift; sourceTree = "<group>"; };
		2AB285372A9E36CB0077ED7C /* CurrentLocationButton.swift */ = {isa = PBXFileReference; lastKnownFileType = sourcecode.swift; path = CurrentLocationButton.swift; sourceTree = "<group>"; };
		2AB2853A2A9F8A460077ED7C /* StationDetailViewController.swift */ = {isa = PBXFileReference; lastKnownFileType = sourcecode.swift; path = StationDetailViewController.swift; sourceTree = "<group>"; };
		2AB2853D2A9F8AAD0077ED7C /* StationDetailCollectionView.swift */ = {isa = PBXFileReference; lastKnownFileType = sourcecode.swift; path = StationDetailCollectionView.swift; sourceTree = "<group>"; };
		2AB2853F2A9F8ABD0077ED7C /* StationDetailCollectionViewCell.swift */ = {isa = PBXFileReference; lastKnownFileType = sourcecode.swift; path = StationDetailCollectionViewCell.swift; sourceTree = "<group>"; };
		2AB285412A9F8AD50077ED7C /* StationDetailTitleView.swift */ = {isa = PBXFileReference; lastKnownFileType = sourcecode.swift; path = StationDetailTitleView.swift; sourceTree = "<group>"; };
		2AB285462AA239680077ED7C /* StationMapWebView.swift */ = {isa = PBXFileReference; lastKnownFileType = sourcecode.swift; path = StationMapWebView.swift; sourceTree = "<group>"; };
		2AB285492AA23A660077ED7C /* FacilitiesTableViewCell.swift */ = {isa = PBXFileReference; lastKnownFileType = sourcecode.swift; path = FacilitiesTableViewCell.swift; sourceTree = "<group>"; };
		2AB2854B2AA23AE70077ED7C /* FacilitiesView.swift */ = {isa = PBXFileReference; lastKnownFileType = sourcecode.swift; path = FacilitiesView.swift; sourceTree = "<group>"; };
		2AC755132A7BFD2F00099C2A /* FREEWAY.app */ = {isa = PBXFileReference; explicitFileType = wrapper.application; includeInIndex = 0; path = FREEWAY.app; sourceTree = BUILT_PRODUCTS_DIR; };
		2AC755162A7BFD2F00099C2A /* AppDelegate.swift */ = {isa = PBXFileReference; lastKnownFileType = sourcecode.swift; path = AppDelegate.swift; sourceTree = "<group>"; };
		2AC755182A7BFD2F00099C2A /* SceneDelegate.swift */ = {isa = PBXFileReference; lastKnownFileType = sourcecode.swift; path = SceneDelegate.swift; sourceTree = "<group>"; };
		2AC7551A2A7BFD2F00099C2A /* MapsViewController.swift */ = {isa = PBXFileReference; lastKnownFileType = sourcecode.swift; path = MapsViewController.swift; sourceTree = "<group>"; };
		2AC755202A7BFD2F00099C2A /* FREEWAY.xcdatamodel */ = {isa = PBXFileReference; lastKnownFileType = wrapper.xcdatamodel; path = FREEWAY.xcdatamodel; sourceTree = "<group>"; };
		2AC755222A7BFD3000099C2A /* Assets.xcassets */ = {isa = PBXFileReference; lastKnownFileType = folder.assetcatalog; path = Assets.xcassets; sourceTree = "<group>"; };
		2AC755252A7BFD3000099C2A /* Base */ = {isa = PBXFileReference; lastKnownFileType = file.storyboard; name = Base; path = Base.lproj/LaunchScreen.storyboard; sourceTree = "<group>"; };
		2AC755272A7BFD3000099C2A /* Info.plist */ = {isa = PBXFileReference; lastKnownFileType = text.plist.xml; path = Info.plist; sourceTree = "<group>"; };
		2AC7552C2A7BFD3000099C2A /* FREEWAYTests.xctest */ = {isa = PBXFileReference; explicitFileType = wrapper.cfbundle; includeInIndex = 0; path = FREEWAYTests.xctest; sourceTree = BUILT_PRODUCTS_DIR; };
		2AC755302A7BFD3000099C2A /* FREEWAYTests.swift */ = {isa = PBXFileReference; lastKnownFileType = sourcecode.swift; path = FREEWAYTests.swift; sourceTree = "<group>"; };
		2AC755362A7BFD3000099C2A /* FREEWAYUITests.xctest */ = {isa = PBXFileReference; explicitFileType = wrapper.cfbundle; includeInIndex = 0; path = FREEWAYUITests.xctest; sourceTree = BUILT_PRODUCTS_DIR; };
		2AC7553A2A7BFD3000099C2A /* FREEWAYUITests.swift */ = {isa = PBXFileReference; lastKnownFileType = sourcecode.swift; path = FREEWAYUITests.swift; sourceTree = "<group>"; };
		2AC7553C2A7BFD3000099C2A /* FREEWAYUITestsLaunchTests.swift */ = {isa = PBXFileReference; lastKnownFileType = sourcecode.swift; path = FREEWAYUITestsLaunchTests.swift; sourceTree = "<group>"; };
		405CEC980582C220BE9AD944 /* Pods-FREEWAY.debug.xcconfig */ = {isa = PBXFileReference; includeInIndex = 1; lastKnownFileType = text.xcconfig; name = "Pods-FREEWAY.debug.xcconfig"; path = "Target Support Files/Pods-FREEWAY/Pods-FREEWAY.debug.xcconfig"; sourceTree = "<group>"; };
		4DD3EE17AB16279366251FBC /* Pods-FREEWAY-FREEWAYUITests.release.xcconfig */ = {isa = PBXFileReference; includeInIndex = 1; lastKnownFileType = text.xcconfig; name = "Pods-FREEWAY-FREEWAYUITests.release.xcconfig"; path = "Target Support Files/Pods-FREEWAY-FREEWAYUITests/Pods-FREEWAY-FREEWAYUITests.release.xcconfig"; sourceTree = "<group>"; };
		5D86110CB70C588D09E5C6C6 /* Pods-FREEWAYTests.debug.xcconfig */ = {isa = PBXFileReference; includeInIndex = 1; lastKnownFileType = text.xcconfig; name = "Pods-FREEWAYTests.debug.xcconfig"; path = "Target Support Files/Pods-FREEWAYTests/Pods-FREEWAYTests.debug.xcconfig"; sourceTree = "<group>"; };
		5EB048FDC1971FFA28440C3C /* Pods-FREEWAYTests.release.xcconfig */ = {isa = PBXFileReference; includeInIndex = 1; lastKnownFileType = text.xcconfig; name = "Pods-FREEWAYTests.release.xcconfig"; path = "Target Support Files/Pods-FREEWAYTests/Pods-FREEWAYTests.release.xcconfig"; sourceTree = "<group>"; };
		C450B74EF358CD51D3924392 /* Pods-FREEWAY.release.xcconfig */ = {isa = PBXFileReference; includeInIndex = 1; lastKnownFileType = text.xcconfig; name = "Pods-FREEWAY.release.xcconfig"; path = "Target Support Files/Pods-FREEWAY/Pods-FREEWAY.release.xcconfig"; sourceTree = "<group>"; };
		E3DCD479589F5C0BFD27BAAE /* Pods-FREEWAY-FREEWAYUITests.debug.xcconfig */ = {isa = PBXFileReference; includeInIndex = 1; lastKnownFileType = text.xcconfig; name = "Pods-FREEWAY-FREEWAYUITests.debug.xcconfig"; path = "Target Support Files/Pods-FREEWAY-FREEWAYUITests/Pods-FREEWAY-FREEWAYUITests.debug.xcconfig"; sourceTree = "<group>"; };
/* End PBXFileReference section */

/* Begin PBXFrameworksBuildPhase section */
		2AC755102A7BFD2F00099C2A /* Frameworks */ = {
			isa = PBXFrameworksBuildPhase;
			buildActionMask = 2147483647;
			files = (
				2AC755512A7BFEED00099C2A /* Alamofire in Frameworks */,
				2AC7554B2A7BFE6000099C2A /* SnapKit in Frameworks */,
				2AC755542A7C004B00099C2A /* RxSwift in Frameworks */,
				2AC7554E2A7BFEA100099C2A /* Then in Frameworks */,
				355FFDDE0953D5A7C4435244 /* Pods_FREEWAY.framework in Frameworks */,
			);
			runOnlyForDeploymentPostprocessing = 0;
		};
		2AC755292A7BFD3000099C2A /* Frameworks */ = {
			isa = PBXFrameworksBuildPhase;
			buildActionMask = 2147483647;
			files = (
				38D8CA7A641B41DE66FBAF6D /* Pods_FREEWAYTests.framework in Frameworks */,
			);
			runOnlyForDeploymentPostprocessing = 0;
		};
		2AC755332A7BFD3000099C2A /* Frameworks */ = {
			isa = PBXFrameworksBuildPhase;
			buildActionMask = 2147483647;
			files = (
				4CEE460C0F7448316E492A83 /* Pods_FREEWAY_FREEWAYUITests.framework in Frameworks */,
			);
			runOnlyForDeploymentPostprocessing = 0;
		};
/* End PBXFrameworksBuildPhase section */

/* Begin PBXGroup section */
		016CB6322A7D4739005C4882 /* Global */ = {
			isa = PBXGroup;
			children = (
				2A26EA212A8E6B5300FA355B /* Extension */,
				2AC755272A7BFD3000099C2A /* Info.plist */,
				2A7A8B7A2A964EAB00D0FFC2 /* Pallete.swift */,
			);
			path = Global;
			sourceTree = "<group>";
		};
		016CB6332A7D484A005C4882 /* Application */ = {
			isa = PBXGroup;
			children = (
				2AC755162A7BFD2F00099C2A /* AppDelegate.swift */,
				2AC755182A7BFD2F00099C2A /* SceneDelegate.swift */,
			);
			path = Application;
			sourceTree = "<group>";
		};
		016CB6342A7D4856005C4882 /* Data */ = {
			isa = PBXGroup;
			children = (
				2AB285252A9B2F700077ED7C /* Mock */,
				2AB2851E2A9B29A90077ED7C /* DTO */,
				016CB6472A7D4AEF005C4882 /* Repository */,
			);
			path = Data;
			sourceTree = "<group>";
		};
		016CB6352A7D485D005C4882 /* Domain */ = {
			isa = PBXGroup;
			children = (
				016CB6422A7D4A22005C4882 /* UseCase */,
			);
			path = Domain;
			sourceTree = "<group>";
		};
		016CB6362A7D4863005C4882 /* Services */ = {
			isa = PBXGroup;
			children = (
				016CB6402A7D49E4005C4882 /* NetworkService.swift */,
				2AB2852B2A9B413A0077ED7C /* VoiceRecognitionManager.swift */,
			);
			path = Services;
			sourceTree = "<group>";
		};
		016CB6372A7D486B005C4882 /* Presentation */ = {
			isa = PBXGroup;
			children = (
				2AB285392A9F8A330077ED7C /* StationDetailBottomSheetView */,
				2AB285132A98F06E0077ED7C /* BaseView */,
				2AB2850D2A98EF630077ED7C /* HomeView */,
				2A26EA252A9120BF00FA355B /* SearchView */,
				016CB64A2A7D4B13005C4882 /* MapsView */,
				2AC755242A7BFD3000099C2A /* LaunchScreen.storyboard */,
			);
			path = Presentation;
			sourceTree = "<group>";
		};
		016CB6382A7D4872005C4882 /* Resource */ = {
			isa = PBXGroup;
			children = (
				016CB6542A87DB37005C4882 /* Literal */,
				2A7A8BA62A96516A00D0FFC2 /* Font */,
				2AC755222A7BFD3000099C2A /* Assets.xcassets */,
				2AB285312A9B5F150077ED7C /* VoiceLottie.json */,
			);
			path = Resource;
			sourceTree = "<group>";
		};
		016CB6392A7D4879005C4882 /* Util */ = {
			isa = PBXGroup;
			children = (
				016CB63A2A7D493D005C4882 /* NetworkError.swift */,
			);
			path = Util;
			sourceTree = "<group>";
		};
		016CB6422A7D4A22005C4882 /* UseCase */ = {
			isa = PBXGroup;
			children = (
				016CB6442A7D4A33005C4882 /* Maps */,
			);
			path = UseCase;
			sourceTree = "<group>";
		};
		016CB6442A7D4A33005C4882 /* Maps */ = {
			isa = PBXGroup;
			children = (
				016CB6452A7D4A4C005C4882 /* MapsUseCase.swift */,
			);
			path = Maps;
			sourceTree = "<group>";
		};
		016CB6472A7D4AEF005C4882 /* Repository */ = {
			isa = PBXGroup;
			children = (
				016CB6482A7D4AFD005C4882 /* MapsRepository.swift */,
			);
			path = Repository;
			sourceTree = "<group>";
		};
		016CB64A2A7D4B13005C4882 /* MapsView */ = {
			isa = PBXGroup;
			children = (
				2A26EA1E2A8E62B800FA355B /* Components */,
				2AC7551A2A7BFD2F00099C2A /* MapsViewController.swift */,
				016CB64B2A7D4B23005C4882 /* MapsViewModel.swift */,
			);
			path = MapsView;
			sourceTree = "<group>";
		};
		016CB6542A87DB37005C4882 /* Literal */ = {
			isa = PBXGroup;
			children = (
				016CB6552A87DB46005C4882 /* Literal.swift */,
			);
			path = Literal;
			sourceTree = "<group>";
		};
		2A26EA1E2A8E62B800FA355B /* Components */ = {
			isa = PBXGroup;
			children = (
				2A26EA1F2A8E62F900FA355B /* StationMarkerView.swift */,
				2AB285352A9E343D0077ED7C /* ElevatorMarkerView.swift */,
				2AB285372A9E36CB0077ED7C /* CurrentLocationButton.swift */,
			);
			path = Components;
			sourceTree = "<group>";
		};
		2A26EA212A8E6B5300FA355B /* Extension */ = {
			isa = PBXGroup;
			children = (
				2A26EA222A8E6B6300FA355B /* UIViewExtension.swift */,
			);
			path = Extension;
			sourceTree = "<group>";
		};
		2A26EA252A9120BF00FA355B /* SearchView */ = {
			isa = PBXGroup;
			children = (
				2A26EA262A9120CB00FA355B /* Components */,
				2A26EA272A9120E000FA355B /* SearchViewController.swift */,
				2AB285292A9B40350077ED7C /* SearchViewModel.swift */,
			);
			path = SearchView;
			sourceTree = "<group>";
		};
		2A26EA262A9120CB00FA355B /* Components */ = {
			isa = PBXGroup;
			children = (
				2A26EA292A9120F100FA355B /* SearchHistoryView.swift */,
				2A26EA2D2A9200E700FA355B /* SearchTextfieldView.swift */,
				2A2F696A2A93A50300B07652 /* EmptyHistoryView.swift */,
				2AB2850B2A98B0370077ED7C /* EmptySearchView.swift */,
			);
			path = Components;
			sourceTree = "<group>";
		};
		2A7A8BA62A96516A00D0FFC2 /* Font */ = {
			isa = PBXGroup;
			children = (
				2A7A8BA72A96517C00D0FFC2 /* Pretendard-Bold.otf */,
				2A7A8BAA2A96517C00D0FFC2 /* Pretendard-Light.otf */,
				2A7A8BA92A96517C00D0FFC2 /* Pretendard-Medium.otf */,
				2A7A8BA82A96517C00D0FFC2 /* Pretendard-Regular.otf */,
				2A7A8BAB2A96517C00D0FFC2 /* Pretendard-SemiBold.otf */,
			);
			path = Font;
			sourceTree = "<group>";
		};
		2AB2850D2A98EF630077ED7C /* HomeView */ = {
			isa = PBXGroup;
			children = (
				2AB285102A98EFA80077ED7C /* Components */,
				2AB2850E2A98EF700077ED7C /* HomeViewController.swift */,
			);
			path = HomeView;
			sourceTree = "<group>";
		};
		2AB285102A98EFA80077ED7C /* Components */ = {
			isa = PBXGroup;
			children = (
				2AB285112A98EFB80077ED7C /* RecentSearchView.swift */,
				2AB285162A98F41C0077ED7C /* HomeSearchTextfieldView.swift */,
				2AB285182A98F8670077ED7C /* HomeTitleView.swift */,
				2AB2851A2A9909670077ED7C /* InAppAlertButtonView.swift */,
				2AB2851C2A990E070077ED7C /* EmptyRecentSearchView.swift */,
			);
			path = Components;
			sourceTree = "<group>";
		};
		2AB285132A98F06E0077ED7C /* BaseView */ = {
			isa = PBXGroup;
			children = (
				2AB2852D2A9B5E140077ED7C /* VoiceSearchLottieView.swift */,
				2AB285142A98F07D0077ED7C /* SearchHistoryBaseView.swift */,
				2A26EA2B2A91244F00FA355B /* SearchHistoryBaseViewCell.swift */,
			);
			path = BaseView;
			sourceTree = "<group>";
		};
		2AB2851E2A9B29A90077ED7C /* DTO */ = {
			isa = PBXGroup;
			children = (
				2AB2851F2A9B29BF0077ED7C /* StationDTO.swift */,
				2AB285212A9B2CB20077ED7C /* AlertDTO.swift */,
				2AB285232A9B2F080077ED7C /* StationDetailDTO.swift */,
			);
			path = DTO;
			sourceTree = "<group>";
		};
		2AB285252A9B2F700077ED7C /* Mock */ = {
			isa = PBXGroup;
			children = (
				2AB285262A9B36280077ED7C /* MockData.swift */,
			);
			path = Mock;
			sourceTree = "<group>";
		};
		2AB285392A9F8A330077ED7C /* StationDetailBottomSheetView */ = {
			isa = PBXGroup;
			children = (
				2AB285432AA2391F0077ED7C /* StationDetailView */,
				2AB2853C2A9F8A4F0077ED7C /* Components */,
				2AB2853A2A9F8A460077ED7C /* StationDetailViewController.swift */,
			);
			path = StationDetailBottomSheetView;
			sourceTree = "<group>";
		};
		2AB2853C2A9F8A4F0077ED7C /* Components */ = {
			isa = PBXGroup;
			children = (
				2AB2853D2A9F8AAD0077ED7C /* StationDetailCollectionView.swift */,
				2AB2853F2A9F8ABD0077ED7C /* StationDetailCollectionViewCell.swift */,
				2AB285412A9F8AD50077ED7C /* StationDetailTitleView.swift */,
			);
			path = Components;
			sourceTree = "<group>";
		};
		2AB285432AA2391F0077ED7C /* StationDetailView */ = {
			isa = PBXGroup;
			children = (
				2AB285482AA23A490077ED7C /* Components */,
				2AB2854B2AA23AE70077ED7C /* FacilitiesView.swift */,
				2AB285462AA239680077ED7C /* StationMapWebView.swift */,
			);
			path = StationDetailView;
			sourceTree = "<group>";
		};
		2AB285482AA23A490077ED7C /* Components */ = {
			isa = PBXGroup;
			children = (
				2AB285492AA23A660077ED7C /* FacilitiesTableViewCell.swift */,
			);
			path = Components;
			sourceTree = "<group>";
		};
		2AC7550A2A7BFD2F00099C2A = {
			isa = PBXGroup;
			children = (
				2AC755152A7BFD2F00099C2A /* FREEWAY */,
				2AC7552F2A7BFD3000099C2A /* FREEWAYTests */,
				2AC755392A7BFD3000099C2A /* FREEWAYUITests */,
				2AC755142A7BFD2F00099C2A /* Products */,
				4B62E5981B9E18A4D88ECAD6 /* Pods */,
				7F8CA3D6DE445B9CBB4E81C5 /* Frameworks */,
			);
			sourceTree = "<group>";
		};
		2AC755142A7BFD2F00099C2A /* Products */ = {
			isa = PBXGroup;
			children = (
				2AC755132A7BFD2F00099C2A /* FREEWAY.app */,
				2AC7552C2A7BFD3000099C2A /* FREEWAYTests.xctest */,
				2AC755362A7BFD3000099C2A /* FREEWAYUITests.xctest */,
			);
			name = Products;
			sourceTree = "<group>";
		};
		2AC755152A7BFD2F00099C2A /* FREEWAY */ = {
			isa = PBXGroup;
			children = (
				016CB6392A7D4879005C4882 /* Util */,
				016CB6382A7D4872005C4882 /* Resource */,
				016CB6372A7D486B005C4882 /* Presentation */,
				016CB6362A7D4863005C4882 /* Services */,
				016CB6352A7D485D005C4882 /* Domain */,
				016CB6342A7D4856005C4882 /* Data */,
				016CB6332A7D484A005C4882 /* Application */,
				016CB6322A7D4739005C4882 /* Global */,
				2AC7551F2A7BFD2F00099C2A /* FREEWAY.xcdatamodeld */,
			);
			path = FREEWAY;
			sourceTree = "<group>";
		};
		2AC7552F2A7BFD3000099C2A /* FREEWAYTests */ = {
			isa = PBXGroup;
			children = (
				2AC755302A7BFD3000099C2A /* FREEWAYTests.swift */,
			);
			path = FREEWAYTests;
			sourceTree = "<group>";
		};
		2AC755392A7BFD3000099C2A /* FREEWAYUITests */ = {
			isa = PBXGroup;
			children = (
				2AC7553A2A7BFD3000099C2A /* FREEWAYUITests.swift */,
				2AC7553C2A7BFD3000099C2A /* FREEWAYUITestsLaunchTests.swift */,
			);
			path = FREEWAYUITests;
			sourceTree = "<group>";
		};
		4B62E5981B9E18A4D88ECAD6 /* Pods */ = {
			isa = PBXGroup;
			children = (
				405CEC980582C220BE9AD944 /* Pods-FREEWAY.debug.xcconfig */,
				C450B74EF358CD51D3924392 /* Pods-FREEWAY.release.xcconfig */,
				E3DCD479589F5C0BFD27BAAE /* Pods-FREEWAY-FREEWAYUITests.debug.xcconfig */,
				4DD3EE17AB16279366251FBC /* Pods-FREEWAY-FREEWAYUITests.release.xcconfig */,
				5D86110CB70C588D09E5C6C6 /* Pods-FREEWAYTests.debug.xcconfig */,
				5EB048FDC1971FFA28440C3C /* Pods-FREEWAYTests.release.xcconfig */,
			);
			path = Pods;
			sourceTree = "<group>";
		};
		7F8CA3D6DE445B9CBB4E81C5 /* Frameworks */ = {
			isa = PBXGroup;
			children = (
				10CC25F152549A99084FF2F4 /* Pods_FREEWAY.framework */,
				23B019DCAF33D6AEE416BE0D /* Pods_FREEWAY_FREEWAYUITests.framework */,
				1E8CCA570A4E0238769A7DFB /* Pods_FREEWAYTests.framework */,
			);
			name = Frameworks;
			sourceTree = "<group>";
		};
/* End PBXGroup section */

/* Begin PBXNativeTarget section */
		2AC755122A7BFD2F00099C2A /* FREEWAY */ = {
			isa = PBXNativeTarget;
			buildConfigurationList = 2AC755402A7BFD3000099C2A /* Build configuration list for PBXNativeTarget "FREEWAY" */;
			buildPhases = (
				0FDFF334103FF1B90D103802 /* [CP] Check Pods Manifest.lock */,
				2AC7550F2A7BFD2F00099C2A /* Sources */,
				2AC755102A7BFD2F00099C2A /* Frameworks */,
				2AC755112A7BFD2F00099C2A /* Resources */,
				5FB61E5E5E702FD0F3A3FF00 /* [CP] Embed Pods Frameworks */,
			);
			buildRules = (
			);
			dependencies = (
			);
			name = FREEWAY;
			packageProductDependencies = (
				2AC7554A2A7BFE6000099C2A /* SnapKit */,
				2AC7554D2A7BFEA100099C2A /* Then */,
				2AC755502A7BFEED00099C2A /* Alamofire */,
				2AC755532A7C004B00099C2A /* RxSwift */,
			);
			productName = FREEWAY;
			productReference = 2AC755132A7BFD2F00099C2A /* FREEWAY.app */;
			productType = "com.apple.product-type.application";
		};
		2AC7552B2A7BFD3000099C2A /* FREEWAYTests */ = {
			isa = PBXNativeTarget;
			buildConfigurationList = 2AC755432A7BFD3000099C2A /* Build configuration list for PBXNativeTarget "FREEWAYTests" */;
			buildPhases = (
				6DB6532BF7C991C60114A6C7 /* [CP] Check Pods Manifest.lock */,
				2AC755282A7BFD3000099C2A /* Sources */,
				2AC755292A7BFD3000099C2A /* Frameworks */,
				2AC7552A2A7BFD3000099C2A /* Resources */,
			);
			buildRules = (
			);
			dependencies = (
				2AC7552E2A7BFD3000099C2A /* PBXTargetDependency */,
			);
			name = FREEWAYTests;
			productName = FREEWAYTests;
			productReference = 2AC7552C2A7BFD3000099C2A /* FREEWAYTests.xctest */;
			productType = "com.apple.product-type.bundle.unit-test";
		};
		2AC755352A7BFD3000099C2A /* FREEWAYUITests */ = {
			isa = PBXNativeTarget;
			buildConfigurationList = 2AC755462A7BFD3000099C2A /* Build configuration list for PBXNativeTarget "FREEWAYUITests" */;
			buildPhases = (
				F51F8A93C0D98FD747CC110B /* [CP] Check Pods Manifest.lock */,
				2AC755322A7BFD3000099C2A /* Sources */,
				2AC755332A7BFD3000099C2A /* Frameworks */,
				2AC755342A7BFD3000099C2A /* Resources */,
				B8833992E5C1A9B24D4324CD /* [CP] Embed Pods Frameworks */,
			);
			buildRules = (
			);
			dependencies = (
				2AC755382A7BFD3000099C2A /* PBXTargetDependency */,
			);
			name = FREEWAYUITests;
			productName = FREEWAYUITests;
			productReference = 2AC755362A7BFD3000099C2A /* FREEWAYUITests.xctest */;
			productType = "com.apple.product-type.bundle.ui-testing";
		};
/* End PBXNativeTarget section */

/* Begin PBXProject section */
		2AC7550B2A7BFD2F00099C2A /* Project object */ = {
			isa = PBXProject;
			attributes = {
				BuildIndependentTargetsInParallel = 1;
				LastSwiftUpdateCheck = 1410;
				LastUpgradeCheck = 1410;
				TargetAttributes = {
					2AC755122A7BFD2F00099C2A = {
						CreatedOnToolsVersion = 14.1;
					};
					2AC7552B2A7BFD3000099C2A = {
						CreatedOnToolsVersion = 14.1;
						TestTargetID = 2AC755122A7BFD2F00099C2A;
					};
					2AC755352A7BFD3000099C2A = {
						CreatedOnToolsVersion = 14.1;
						TestTargetID = 2AC755122A7BFD2F00099C2A;
					};
				};
			};
			buildConfigurationList = 2AC7550E2A7BFD2F00099C2A /* Build configuration list for PBXProject "FREEWAY" */;
			compatibilityVersion = "Xcode 14.0";
			developmentRegion = en;
			hasScannedForEncodings = 0;
			knownRegions = (
				en,
				Base,
			);
			mainGroup = 2AC7550A2A7BFD2F00099C2A;
			packageReferences = (
				2AC755492A7BFE6000099C2A /* XCRemoteSwiftPackageReference "SnapKit" */,
				2AC7554C2A7BFEA100099C2A /* XCRemoteSwiftPackageReference "Then" */,
				2AC7554F2A7BFEED00099C2A /* XCRemoteSwiftPackageReference "Alamofire" */,
				2AC755522A7C004B00099C2A /* XCRemoteSwiftPackageReference "RxSwift" */,
			);
			productRefGroup = 2AC755142A7BFD2F00099C2A /* Products */;
			projectDirPath = "";
			projectRoot = "";
			targets = (
				2AC755122A7BFD2F00099C2A /* FREEWAY */,
				2AC7552B2A7BFD3000099C2A /* FREEWAYTests */,
				2AC755352A7BFD3000099C2A /* FREEWAYUITests */,
			);
		};
/* End PBXProject section */

/* Begin PBXResourcesBuildPhase section */
		2AC755112A7BFD2F00099C2A /* Resources */ = {
			isa = PBXResourcesBuildPhase;
			buildActionMask = 2147483647;
			files = (
				2AC755262A7BFD3000099C2A /* LaunchScreen.storyboard in Resources */,
				2A7A8BB22A96517C00D0FFC2 /* Pretendard-Medium.otf in Resources */,
				2A7A8BB82A96517C00D0FFC2 /* Pretendard-SemiBold.otf in Resources */,
				2A7A8BAF2A96517C00D0FFC2 /* Pretendard-Regular.otf in Resources */,
				2A7A8BAC2A96517C00D0FFC2 /* Pretendard-Bold.otf in Resources */,
				2AC755232A7BFD3000099C2A /* Assets.xcassets in Resources */,
				2A7A8BB52A96517C00D0FFC2 /* Pretendard-Light.otf in Resources */,
				2AB285322A9B5F150077ED7C /* VoiceLottie.json in Resources */,
			);
			runOnlyForDeploymentPostprocessing = 0;
		};
		2AC7552A2A7BFD3000099C2A /* Resources */ = {
			isa = PBXResourcesBuildPhase;
			buildActionMask = 2147483647;
			files = (
				2A7A8BAD2A96517C00D0FFC2 /* Pretendard-Bold.otf in Resources */,
				2A7A8BB62A96517C00D0FFC2 /* Pretendard-Light.otf in Resources */,
				2A7A8BB92A96517C00D0FFC2 /* Pretendard-SemiBold.otf in Resources */,
				2A7A8BB02A96517C00D0FFC2 /* Pretendard-Regular.otf in Resources */,
				2A7A8BB32A96517C00D0FFC2 /* Pretendard-Medium.otf in Resources */,
			);
			runOnlyForDeploymentPostprocessing = 0;
		};
		2AC755342A7BFD3000099C2A /* Resources */ = {
			isa = PBXResourcesBuildPhase;
			buildActionMask = 2147483647;
			files = (
				2A7A8BAE2A96517C00D0FFC2 /* Pretendard-Bold.otf in Resources */,
				2A7A8BB72A96517C00D0FFC2 /* Pretendard-Light.otf in Resources */,
				2A7A8BBA2A96517C00D0FFC2 /* Pretendard-SemiBold.otf in Resources */,
				2A7A8BB12A96517C00D0FFC2 /* Pretendard-Regular.otf in Resources */,
				2A7A8BB42A96517C00D0FFC2 /* Pretendard-Medium.otf in Resources */,
			);
			runOnlyForDeploymentPostprocessing = 0;
		};
/* End PBXResourcesBuildPhase section */

/* Begin PBXShellScriptBuildPhase section */
		0FDFF334103FF1B90D103802 /* [CP] Check Pods Manifest.lock */ = {
			isa = PBXShellScriptBuildPhase;
			buildActionMask = 2147483647;
			files = (
			);
			inputFileListPaths = (
			);
			inputPaths = (
				"${PODS_PODFILE_DIR_PATH}/Podfile.lock",
				"${PODS_ROOT}/Manifest.lock",
			);
			name = "[CP] Check Pods Manifest.lock";
			outputFileListPaths = (
			);
			outputPaths = (
				"$(DERIVED_FILE_DIR)/Pods-FREEWAY-checkManifestLockResult.txt",
			);
			runOnlyForDeploymentPostprocessing = 0;
			shellPath = /bin/sh;
			shellScript = "diff \"${PODS_PODFILE_DIR_PATH}/Podfile.lock\" \"${PODS_ROOT}/Manifest.lock\" > /dev/null\nif [ $? != 0 ] ; then\n    # print error to STDERR\n    echo \"error: The sandbox is not in sync with the Podfile.lock. Run 'pod install' or update your CocoaPods installation.\" >&2\n    exit 1\nfi\n# This output is used by Xcode 'outputs' to avoid re-running this script phase.\necho \"SUCCESS\" > \"${SCRIPT_OUTPUT_FILE_0}\"\n";
			showEnvVarsInLog = 0;
		};
		5FB61E5E5E702FD0F3A3FF00 /* [CP] Embed Pods Frameworks */ = {
			isa = PBXShellScriptBuildPhase;
			buildActionMask = 2147483647;
			files = (
			);
			inputFileListPaths = (
				"${PODS_ROOT}/Target Support Files/Pods-FREEWAY/Pods-FREEWAY-frameworks-${CONFIGURATION}-input-files.xcfilelist",
			);
			name = "[CP] Embed Pods Frameworks";
			outputFileListPaths = (
				"${PODS_ROOT}/Target Support Files/Pods-FREEWAY/Pods-FREEWAY-frameworks-${CONFIGURATION}-output-files.xcfilelist",
			);
			runOnlyForDeploymentPostprocessing = 0;
			shellPath = /bin/sh;
			shellScript = "\"${PODS_ROOT}/Target Support Files/Pods-FREEWAY/Pods-FREEWAY-frameworks.sh\"\n";
			showEnvVarsInLog = 0;
		};
		6DB6532BF7C991C60114A6C7 /* [CP] Check Pods Manifest.lock */ = {
			isa = PBXShellScriptBuildPhase;
			buildActionMask = 2147483647;
			files = (
			);
			inputFileListPaths = (
			);
			inputPaths = (
				"${PODS_PODFILE_DIR_PATH}/Podfile.lock",
				"${PODS_ROOT}/Manifest.lock",
			);
			name = "[CP] Check Pods Manifest.lock";
			outputFileListPaths = (
			);
			outputPaths = (
				"$(DERIVED_FILE_DIR)/Pods-FREEWAYTests-checkManifestLockResult.txt",
			);
			runOnlyForDeploymentPostprocessing = 0;
			shellPath = /bin/sh;
			shellScript = "diff \"${PODS_PODFILE_DIR_PATH}/Podfile.lock\" \"${PODS_ROOT}/Manifest.lock\" > /dev/null\nif [ $? != 0 ] ; then\n    # print error to STDERR\n    echo \"error: The sandbox is not in sync with the Podfile.lock. Run 'pod install' or update your CocoaPods installation.\" >&2\n    exit 1\nfi\n# This output is used by Xcode 'outputs' to avoid re-running this script phase.\necho \"SUCCESS\" > \"${SCRIPT_OUTPUT_FILE_0}\"\n";
			showEnvVarsInLog = 0;
		};
		B8833992E5C1A9B24D4324CD /* [CP] Embed Pods Frameworks */ = {
			isa = PBXShellScriptBuildPhase;
			buildActionMask = 2147483647;
			files = (
			);
			inputFileListPaths = (
				"${PODS_ROOT}/Target Support Files/Pods-FREEWAY-FREEWAYUITests/Pods-FREEWAY-FREEWAYUITests-frameworks-${CONFIGURATION}-input-files.xcfilelist",
			);
			name = "[CP] Embed Pods Frameworks";
			outputFileListPaths = (
				"${PODS_ROOT}/Target Support Files/Pods-FREEWAY-FREEWAYUITests/Pods-FREEWAY-FREEWAYUITests-frameworks-${CONFIGURATION}-output-files.xcfilelist",
			);
			runOnlyForDeploymentPostprocessing = 0;
			shellPath = /bin/sh;
			shellScript = "\"${PODS_ROOT}/Target Support Files/Pods-FREEWAY-FREEWAYUITests/Pods-FREEWAY-FREEWAYUITests-frameworks.sh\"\n";
			showEnvVarsInLog = 0;
		};
		F51F8A93C0D98FD747CC110B /* [CP] Check Pods Manifest.lock */ = {
			isa = PBXShellScriptBuildPhase;
			buildActionMask = 2147483647;
			files = (
			);
			inputFileListPaths = (
			);
			inputPaths = (
				"${PODS_PODFILE_DIR_PATH}/Podfile.lock",
				"${PODS_ROOT}/Manifest.lock",
			);
			name = "[CP] Check Pods Manifest.lock";
			outputFileListPaths = (
			);
			outputPaths = (
				"$(DERIVED_FILE_DIR)/Pods-FREEWAY-FREEWAYUITests-checkManifestLockResult.txt",
			);
			runOnlyForDeploymentPostprocessing = 0;
			shellPath = /bin/sh;
			shellScript = "diff \"${PODS_PODFILE_DIR_PATH}/Podfile.lock\" \"${PODS_ROOT}/Manifest.lock\" > /dev/null\nif [ $? != 0 ] ; then\n    # print error to STDERR\n    echo \"error: The sandbox is not in sync with the Podfile.lock. Run 'pod install' or update your CocoaPods installation.\" >&2\n    exit 1\nfi\n# This output is used by Xcode 'outputs' to avoid re-running this script phase.\necho \"SUCCESS\" > \"${SCRIPT_OUTPUT_FILE_0}\"\n";
			showEnvVarsInLog = 0;
		};
/* End PBXShellScriptBuildPhase section */

/* Begin PBXSourcesBuildPhase section */
		2AC7550F2A7BFD2F00099C2A /* Sources */ = {
			isa = PBXSourcesBuildPhase;
			buildActionMask = 2147483647;
			files = (
				2A26EA202A8E62F900FA355B /* StationMarkerView.swift in Sources */,
				016CB64C2A7D4B23005C4882 /* MapsViewModel.swift in Sources */,
				2AB285382A9E36CB0077ED7C /* CurrentLocationButton.swift in Sources */,
				2A26EA2C2A91244F00FA355B /* SearchHistoryBaseViewCell.swift in Sources */,
				2AB2850F2A98EF700077ED7C /* HomeViewController.swift in Sources */,
				2AB285472AA239680077ED7C /* StationMapWebView.swift in Sources */,
				016CB64C2A7D4B23005C4882 /* MapsViewModel.swift in Sources */,
				2A26EA282A9120E000FA355B /* SearchViewController.swift in Sources */,
				2AB285152A98F07D0077ED7C /* SearchHistoryBaseView.swift in Sources */,
				2AB285172A98F41C0077ED7C /* HomeSearchTextfieldView.swift in Sources */,
				016CB6492A7D4AFD005C4882 /* MapsRepository.swift in Sources */,
				2AB2851D2A990E070077ED7C /* EmptyRecentSearchView.swift in Sources */,
				2AC7551B2A7BFD2F00099C2A /* MapsViewController.swift in Sources */,
				2AB285422A9F8AD50077ED7C /* StationDetailTitleView.swift in Sources */,
				2AB2851B2A9909670077ED7C /* InAppAlertButtonView.swift in Sources */,
				2AB285192A98F8670077ED7C /* HomeTitleView.swift in Sources */,
				2AC755172A7BFD2F00099C2A /* AppDelegate.swift in Sources */,
				2A26EA2E2A9200E700FA355B /* SearchTextfieldView.swift in Sources */,
				2AB2854A2AA23A660077ED7C /* FacilitiesTableViewCell.swift in Sources */,
				2AB2853E2A9F8AAD0077ED7C /* StationDetailCollectionView.swift in Sources */,
				2A2F696B2A93A50300B07652 /* EmptyHistoryView.swift in Sources */,
				2A26EA2A2A9120F100FA355B /* SearchHistoryView.swift in Sources */,
				2AB285242A9B2F080077ED7C /* StationDetailDTO.swift in Sources */,
				2AB2852E2A9B5E140077ED7C /* VoiceSearchLottieView.swift in Sources */,
				2AC755192A7BFD2F00099C2A /* SceneDelegate.swift in Sources */,
				2A26EA232A8E6B6300FA355B /* UIViewExtension.swift in Sources */,
				2AB2850C2A98B0370077ED7C /* EmptySearchView.swift in Sources */,
				2AB2852A2A9B40350077ED7C /* SearchViewModel.swift in Sources */,
				016CB64E2A7D4B4D005C4882 /* (null) in Sources */,
				2AB2853B2A9F8A460077ED7C /* StationDetailViewController.swift in Sources */,
				2AB285122A98EFB80077ED7C /* RecentSearchView.swift in Sources */,
				016CB63B2A7D493D005C4882 /* NetworkError.swift in Sources */,
				016CB6562A87DB46005C4882 /* Literal.swift in Sources */,
				016CB6412A7D49E4005C4882 /* NetworkService.swift in Sources */,
				2AB2854C2AA23AE80077ED7C /* FacilitiesView.swift in Sources */,
				2AB285222A9B2CB20077ED7C /* AlertDTO.swift in Sources */,
				2AB285402A9F8ABD0077ED7C /* StationDetailCollectionViewCell.swift in Sources */,
				016CB6462A7D4A4C005C4882 /* MapsUseCase.swift in Sources */,
				2AC755212A7BFD2F00099C2A /* FREEWAY.xcdatamodeld in Sources */,
				2AB285362A9E343D0077ED7C /* ElevatorMarkerView.swift in Sources */,
				2AB2852C2A9B413A0077ED7C /* VoiceRecognitionManager.swift in Sources */,
				2AB285202A9B29BF0077ED7C /* StationDTO.swift in Sources */,
				2AB285272A9B36280077ED7C /* MockData.swift in Sources */,
				2A7A8B7B2A964EAB00D0FFC2 /* Pallete.swift in Sources */,
			);
			runOnlyForDeploymentPostprocessing = 0;
		};
		2AC755282A7BFD3000099C2A /* Sources */ = {
			isa = PBXSourcesBuildPhase;
			buildActionMask = 2147483647;
			files = (
				2AC755312A7BFD3000099C2A /* FREEWAYTests.swift in Sources */,
			);
			runOnlyForDeploymentPostprocessing = 0;
		};
		2AC755322A7BFD3000099C2A /* Sources */ = {
			isa = PBXSourcesBuildPhase;
			buildActionMask = 2147483647;
			files = (
				2AC7553D2A7BFD3000099C2A /* FREEWAYUITestsLaunchTests.swift in Sources */,
				2AC7553B2A7BFD3000099C2A /* FREEWAYUITests.swift in Sources */,
			);
			runOnlyForDeploymentPostprocessing = 0;
		};
/* End PBXSourcesBuildPhase section */

/* Begin PBXTargetDependency section */
		2AC7552E2A7BFD3000099C2A /* PBXTargetDependency */ = {
			isa = PBXTargetDependency;
			target = 2AC755122A7BFD2F00099C2A /* FREEWAY */;
			targetProxy = 2AC7552D2A7BFD3000099C2A /* PBXContainerItemProxy */;
		};
		2AC755382A7BFD3000099C2A /* PBXTargetDependency */ = {
			isa = PBXTargetDependency;
			target = 2AC755122A7BFD2F00099C2A /* FREEWAY */;
			targetProxy = 2AC755372A7BFD3000099C2A /* PBXContainerItemProxy */;
		};
/* End PBXTargetDependency section */

/* Begin PBXVariantGroup section */
		2AC755242A7BFD3000099C2A /* LaunchScreen.storyboard */ = {
			isa = PBXVariantGroup;
			children = (
				2AC755252A7BFD3000099C2A /* Base */,
			);
			name = LaunchScreen.storyboard;
			sourceTree = "<group>";
		};
/* End PBXVariantGroup section */

/* Begin XCBuildConfiguration section */
		2AC7553E2A7BFD3000099C2A /* Debug */ = {
			isa = XCBuildConfiguration;
			buildSettings = {
				ALWAYS_SEARCH_USER_PATHS = NO;
				CLANG_ANALYZER_NONNULL = YES;
				CLANG_ANALYZER_NUMBER_OBJECT_CONVERSION = YES_AGGRESSIVE;
				CLANG_CXX_LANGUAGE_STANDARD = "gnu++20";
				CLANG_ENABLE_MODULES = YES;
				CLANG_ENABLE_OBJC_ARC = YES;
				CLANG_ENABLE_OBJC_WEAK = YES;
				CLANG_WARN_BLOCK_CAPTURE_AUTORELEASING = YES;
				CLANG_WARN_BOOL_CONVERSION = YES;
				CLANG_WARN_COMMA = YES;
				CLANG_WARN_CONSTANT_CONVERSION = YES;
				CLANG_WARN_DEPRECATED_OBJC_IMPLEMENTATIONS = YES;
				CLANG_WARN_DIRECT_OBJC_ISA_USAGE = YES_ERROR;
				CLANG_WARN_DOCUMENTATION_COMMENTS = YES;
				CLANG_WARN_EMPTY_BODY = YES;
				CLANG_WARN_ENUM_CONVERSION = YES;
				CLANG_WARN_INFINITE_RECURSION = YES;
				CLANG_WARN_INT_CONVERSION = YES;
				CLANG_WARN_NON_LITERAL_NULL_CONVERSION = YES;
				CLANG_WARN_OBJC_IMPLICIT_RETAIN_SELF = YES;
				CLANG_WARN_OBJC_LITERAL_CONVERSION = YES;
				CLANG_WARN_OBJC_ROOT_CLASS = YES_ERROR;
				CLANG_WARN_QUOTED_INCLUDE_IN_FRAMEWORK_HEADER = YES;
				CLANG_WARN_RANGE_LOOP_ANALYSIS = YES;
				CLANG_WARN_STRICT_PROTOTYPES = YES;
				CLANG_WARN_SUSPICIOUS_MOVE = YES;
				CLANG_WARN_UNGUARDED_AVAILABILITY = YES_AGGRESSIVE;
				CLANG_WARN_UNREACHABLE_CODE = YES;
				CLANG_WARN__DUPLICATE_METHOD_MATCH = YES;
				COPY_PHASE_STRIP = NO;
				DEBUG_INFORMATION_FORMAT = dwarf;
				ENABLE_STRICT_OBJC_MSGSEND = YES;
				ENABLE_TESTABILITY = YES;
				GCC_C_LANGUAGE_STANDARD = gnu11;
				GCC_DYNAMIC_NO_PIC = NO;
				GCC_NO_COMMON_BLOCKS = YES;
				GCC_OPTIMIZATION_LEVEL = 0;
				GCC_PREPROCESSOR_DEFINITIONS = (
					"DEBUG=1",
					"$(inherited)",
				);
				GCC_WARN_64_TO_32_BIT_CONVERSION = YES;
				GCC_WARN_ABOUT_RETURN_TYPE = YES_ERROR;
				GCC_WARN_UNDECLARED_SELECTOR = YES;
				GCC_WARN_UNINITIALIZED_AUTOS = YES_AGGRESSIVE;
				GCC_WARN_UNUSED_FUNCTION = YES;
				GCC_WARN_UNUSED_VARIABLE = YES;
				IPHONEOS_DEPLOYMENT_TARGET = 15.0;
				MTL_ENABLE_DEBUG_INFO = INCLUDE_SOURCE;
				MTL_FAST_MATH = YES;
				ONLY_ACTIVE_ARCH = YES;
				SDKROOT = iphoneos;
				SWIFT_ACTIVE_COMPILATION_CONDITIONS = DEBUG;
				SWIFT_OPTIMIZATION_LEVEL = "-Onone";
			};
			name = Debug;
		};
		2AC7553F2A7BFD3000099C2A /* Release */ = {
			isa = XCBuildConfiguration;
			buildSettings = {
				ALWAYS_SEARCH_USER_PATHS = NO;
				CLANG_ANALYZER_NONNULL = YES;
				CLANG_ANALYZER_NUMBER_OBJECT_CONVERSION = YES_AGGRESSIVE;
				CLANG_CXX_LANGUAGE_STANDARD = "gnu++20";
				CLANG_ENABLE_MODULES = YES;
				CLANG_ENABLE_OBJC_ARC = YES;
				CLANG_ENABLE_OBJC_WEAK = YES;
				CLANG_WARN_BLOCK_CAPTURE_AUTORELEASING = YES;
				CLANG_WARN_BOOL_CONVERSION = YES;
				CLANG_WARN_COMMA = YES;
				CLANG_WARN_CONSTANT_CONVERSION = YES;
				CLANG_WARN_DEPRECATED_OBJC_IMPLEMENTATIONS = YES;
				CLANG_WARN_DIRECT_OBJC_ISA_USAGE = YES_ERROR;
				CLANG_WARN_DOCUMENTATION_COMMENTS = YES;
				CLANG_WARN_EMPTY_BODY = YES;
				CLANG_WARN_ENUM_CONVERSION = YES;
				CLANG_WARN_INFINITE_RECURSION = YES;
				CLANG_WARN_INT_CONVERSION = YES;
				CLANG_WARN_NON_LITERAL_NULL_CONVERSION = YES;
				CLANG_WARN_OBJC_IMPLICIT_RETAIN_SELF = YES;
				CLANG_WARN_OBJC_LITERAL_CONVERSION = YES;
				CLANG_WARN_OBJC_ROOT_CLASS = YES_ERROR;
				CLANG_WARN_QUOTED_INCLUDE_IN_FRAMEWORK_HEADER = YES;
				CLANG_WARN_RANGE_LOOP_ANALYSIS = YES;
				CLANG_WARN_STRICT_PROTOTYPES = YES;
				CLANG_WARN_SUSPICIOUS_MOVE = YES;
				CLANG_WARN_UNGUARDED_AVAILABILITY = YES_AGGRESSIVE;
				CLANG_WARN_UNREACHABLE_CODE = YES;
				CLANG_WARN__DUPLICATE_METHOD_MATCH = YES;
				COPY_PHASE_STRIP = NO;
				DEBUG_INFORMATION_FORMAT = "dwarf-with-dsym";
				ENABLE_NS_ASSERTIONS = NO;
				ENABLE_STRICT_OBJC_MSGSEND = YES;
				GCC_C_LANGUAGE_STANDARD = gnu11;
				GCC_NO_COMMON_BLOCKS = YES;
				GCC_WARN_64_TO_32_BIT_CONVERSION = YES;
				GCC_WARN_ABOUT_RETURN_TYPE = YES_ERROR;
				GCC_WARN_UNDECLARED_SELECTOR = YES;
				GCC_WARN_UNINITIALIZED_AUTOS = YES_AGGRESSIVE;
				GCC_WARN_UNUSED_FUNCTION = YES;
				GCC_WARN_UNUSED_VARIABLE = YES;
				IPHONEOS_DEPLOYMENT_TARGET = 15.0;
				MTL_ENABLE_DEBUG_INFO = NO;
				MTL_FAST_MATH = YES;
				SDKROOT = iphoneos;
				SWIFT_COMPILATION_MODE = wholemodule;
				SWIFT_OPTIMIZATION_LEVEL = "-O";
				VALIDATE_PRODUCT = YES;
			};
			name = Release;
		};
		2AC755412A7BFD3000099C2A /* Debug */ = {
			isa = XCBuildConfiguration;
			baseConfigurationReference = 405CEC980582C220BE9AD944 /* Pods-FREEWAY.debug.xcconfig */;
			buildSettings = {
				ASSETCATALOG_COMPILER_APPICON_NAME = AppIcon;
				ASSETCATALOG_COMPILER_GLOBAL_ACCENT_COLOR_NAME = AccentColor;
				CODE_SIGN_IDENTITY = "Apple Development";
				CODE_SIGN_STYLE = Automatic;
				CURRENT_PROJECT_VERSION = 1;
				DEVELOPMENT_TEAM = 25YUTG4RN5;
				GENERATE_INFOPLIST_FILE = YES;
				INFOPLIST_FILE = FREEWAY/Global/Info.plist;
				INFOPLIST_KEY_UIApplicationSupportsIndirectInputEvents = YES;
				INFOPLIST_KEY_UILaunchStoryboardName = LaunchScreen;
				INFOPLIST_KEY_UISupportedInterfaceOrientations_iPad = "UIInterfaceOrientationPortrait UIInterfaceOrientationPortraitUpsideDown UIInterfaceOrientationLandscapeLeft UIInterfaceOrientationLandscapeRight";
				INFOPLIST_KEY_UISupportedInterfaceOrientations_iPhone = "UIInterfaceOrientationPortrait UIInterfaceOrientationLandscapeLeft UIInterfaceOrientationLandscapeRight";
				LD_RUNPATH_SEARCH_PATHS = (
					"$(inherited)",
					"@executable_path/Frameworks",
				);
				MARKETING_VERSION = 1.0;
				PRODUCT_BUNDLE_IDENTIFIER = Taek.FREEWAY;
				PRODUCT_NAME = "$(TARGET_NAME)";
				PROVISIONING_PROFILE_SPECIFIER = "";
				SWIFT_EMIT_LOC_STRINGS = YES;
				SWIFT_VERSION = 5.0;
				TARGETED_DEVICE_FAMILY = "1,2";
			};
			name = Debug;
		};
		2AC755422A7BFD3000099C2A /* Release */ = {
			isa = XCBuildConfiguration;
			baseConfigurationReference = C450B74EF358CD51D3924392 /* Pods-FREEWAY.release.xcconfig */;
			buildSettings = {
				ASSETCATALOG_COMPILER_APPICON_NAME = AppIcon;
				ASSETCATALOG_COMPILER_GLOBAL_ACCENT_COLOR_NAME = AccentColor;
				CODE_SIGN_IDENTITY = "Apple Development";
				CODE_SIGN_STYLE = Automatic;
				CURRENT_PROJECT_VERSION = 1;
				DEVELOPMENT_TEAM = 25YUTG4RN5;
				GENERATE_INFOPLIST_FILE = YES;
				INFOPLIST_FILE = FREEWAY/Global/Info.plist;
				INFOPLIST_KEY_UIApplicationSupportsIndirectInputEvents = YES;
				INFOPLIST_KEY_UILaunchStoryboardName = LaunchScreen;
				INFOPLIST_KEY_UISupportedInterfaceOrientations_iPad = "UIInterfaceOrientationPortrait UIInterfaceOrientationPortraitUpsideDown UIInterfaceOrientationLandscapeLeft UIInterfaceOrientationLandscapeRight";
				INFOPLIST_KEY_UISupportedInterfaceOrientations_iPhone = "UIInterfaceOrientationPortrait UIInterfaceOrientationLandscapeLeft UIInterfaceOrientationLandscapeRight";
				LD_RUNPATH_SEARCH_PATHS = (
					"$(inherited)",
					"@executable_path/Frameworks",
				);
				MARKETING_VERSION = 1.0;
				PRODUCT_BUNDLE_IDENTIFIER = Taek.FREEWAY;
				PRODUCT_NAME = "$(TARGET_NAME)";
				PROVISIONING_PROFILE_SPECIFIER = "";
				SWIFT_EMIT_LOC_STRINGS = YES;
				SWIFT_VERSION = 5.0;
				TARGETED_DEVICE_FAMILY = "1,2";
			};
			name = Release;
		};
		2AC755442A7BFD3000099C2A /* Debug */ = {
			isa = XCBuildConfiguration;
			baseConfigurationReference = 5D86110CB70C588D09E5C6C6 /* Pods-FREEWAYTests.debug.xcconfig */;
			buildSettings = {
				ALWAYS_EMBED_SWIFT_STANDARD_LIBRARIES = YES;
				BUNDLE_LOADER = "$(TEST_HOST)";
				CODE_SIGN_STYLE = Automatic;
				CURRENT_PROJECT_VERSION = 1;
				DEVELOPMENT_TEAM = 25YUTG4RN5;
				GENERATE_INFOPLIST_FILE = YES;
				IPHONEOS_DEPLOYMENT_TARGET = 16.1;
				MARKETING_VERSION = 1.0;
				PRODUCT_BUNDLE_IDENTIFIER = Taek.FREEWAYTests;
				PRODUCT_NAME = "$(TARGET_NAME)";
				SWIFT_EMIT_LOC_STRINGS = NO;
				SWIFT_VERSION = 5.0;
				TARGETED_DEVICE_FAMILY = "1,2";
				TEST_HOST = "$(BUILT_PRODUCTS_DIR)/FREEWAY.app/$(BUNDLE_EXECUTABLE_FOLDER_PATH)/FREEWAY";
			};
			name = Debug;
		};
		2AC755452A7BFD3000099C2A /* Release */ = {
			isa = XCBuildConfiguration;
			baseConfigurationReference = 5EB048FDC1971FFA28440C3C /* Pods-FREEWAYTests.release.xcconfig */;
			buildSettings = {
				ALWAYS_EMBED_SWIFT_STANDARD_LIBRARIES = YES;
				BUNDLE_LOADER = "$(TEST_HOST)";
				CODE_SIGN_STYLE = Automatic;
				CURRENT_PROJECT_VERSION = 1;
				DEVELOPMENT_TEAM = 25YUTG4RN5;
				GENERATE_INFOPLIST_FILE = YES;
				IPHONEOS_DEPLOYMENT_TARGET = 16.1;
				MARKETING_VERSION = 1.0;
				PRODUCT_BUNDLE_IDENTIFIER = Taek.FREEWAYTests;
				PRODUCT_NAME = "$(TARGET_NAME)";
				SWIFT_EMIT_LOC_STRINGS = NO;
				SWIFT_VERSION = 5.0;
				TARGETED_DEVICE_FAMILY = "1,2";
				TEST_HOST = "$(BUILT_PRODUCTS_DIR)/FREEWAY.app/$(BUNDLE_EXECUTABLE_FOLDER_PATH)/FREEWAY";
			};
			name = Release;
		};
		2AC755472A7BFD3000099C2A /* Debug */ = {
			isa = XCBuildConfiguration;
			baseConfigurationReference = E3DCD479589F5C0BFD27BAAE /* Pods-FREEWAY-FREEWAYUITests.debug.xcconfig */;
			buildSettings = {
				ALWAYS_EMBED_SWIFT_STANDARD_LIBRARIES = YES;
				CODE_SIGN_STYLE = Automatic;
				CURRENT_PROJECT_VERSION = 1;
				DEVELOPMENT_TEAM = 25YUTG4RN5;
				GENERATE_INFOPLIST_FILE = YES;
				MARKETING_VERSION = 1.0;
				PRODUCT_BUNDLE_IDENTIFIER = Taek.FREEWAYUITests;
				PRODUCT_NAME = "$(TARGET_NAME)";
				SWIFT_EMIT_LOC_STRINGS = NO;
				SWIFT_VERSION = 5.0;
				TARGETED_DEVICE_FAMILY = "1,2";
				TEST_TARGET_NAME = FREEWAY;
			};
			name = Debug;
		};
		2AC755482A7BFD3000099C2A /* Release */ = {
			isa = XCBuildConfiguration;
			baseConfigurationReference = 4DD3EE17AB16279366251FBC /* Pods-FREEWAY-FREEWAYUITests.release.xcconfig */;
			buildSettings = {
				ALWAYS_EMBED_SWIFT_STANDARD_LIBRARIES = YES;
				CODE_SIGN_STYLE = Automatic;
				CURRENT_PROJECT_VERSION = 1;
				DEVELOPMENT_TEAM = 25YUTG4RN5;
				GENERATE_INFOPLIST_FILE = YES;
				MARKETING_VERSION = 1.0;
				PRODUCT_BUNDLE_IDENTIFIER = Taek.FREEWAYUITests;
				PRODUCT_NAME = "$(TARGET_NAME)";
				SWIFT_EMIT_LOC_STRINGS = NO;
				SWIFT_VERSION = 5.0;
				TARGETED_DEVICE_FAMILY = "1,2";
				TEST_TARGET_NAME = FREEWAY;
			};
			name = Release;
		};
/* End XCBuildConfiguration section */

/* Begin XCConfigurationList section */
		2AC7550E2A7BFD2F00099C2A /* Build configuration list for PBXProject "FREEWAY" */ = {
			isa = XCConfigurationList;
			buildConfigurations = (
				2AC7553E2A7BFD3000099C2A /* Debug */,
				2AC7553F2A7BFD3000099C2A /* Release */,
			);
			defaultConfigurationIsVisible = 0;
			defaultConfigurationName = Release;
		};
		2AC755402A7BFD3000099C2A /* Build configuration list for PBXNativeTarget "FREEWAY" */ = {
			isa = XCConfigurationList;
			buildConfigurations = (
				2AC755412A7BFD3000099C2A /* Debug */,
				2AC755422A7BFD3000099C2A /* Release */,
			);
			defaultConfigurationIsVisible = 0;
			defaultConfigurationName = Release;
		};
		2AC755432A7BFD3000099C2A /* Build configuration list for PBXNativeTarget "FREEWAYTests" */ = {
			isa = XCConfigurationList;
			buildConfigurations = (
				2AC755442A7BFD3000099C2A /* Debug */,
				2AC755452A7BFD3000099C2A /* Release */,
			);
			defaultConfigurationIsVisible = 0;
			defaultConfigurationName = Release;
		};
		2AC755462A7BFD3000099C2A /* Build configuration list for PBXNativeTarget "FREEWAYUITests" */ = {
			isa = XCConfigurationList;
			buildConfigurations = (
				2AC755472A7BFD3000099C2A /* Debug */,
				2AC755482A7BFD3000099C2A /* Release */,
			);
			defaultConfigurationIsVisible = 0;
			defaultConfigurationName = Release;
		};
/* End XCConfigurationList section */

/* Begin XCRemoteSwiftPackageReference section */
		2AC755492A7BFE6000099C2A /* XCRemoteSwiftPackageReference "SnapKit" */ = {
			isa = XCRemoteSwiftPackageReference;
			repositoryURL = "https://github.com/SnapKit/SnapKit";
			requirement = {
				kind = upToNextMajorVersion;
				minimumVersion = 5.0.0;
			};
		};
		2AC7554C2A7BFEA100099C2A /* XCRemoteSwiftPackageReference "Then" */ = {
			isa = XCRemoteSwiftPackageReference;
			repositoryURL = "https://github.com/devxoul/Then";
			requirement = {
				kind = upToNextMajorVersion;
				minimumVersion = 3.0.0;
			};
		};
		2AC7554F2A7BFEED00099C2A /* XCRemoteSwiftPackageReference "Alamofire" */ = {
			isa = XCRemoteSwiftPackageReference;
			repositoryURL = "https://github.com/Alamofire/Alamofire#swift-package-manager";
			requirement = {
				branch = master;
				kind = branch;
			};
		};
		2AC755522A7C004B00099C2A /* XCRemoteSwiftPackageReference "RxSwift" */ = {
			isa = XCRemoteSwiftPackageReference;
			repositoryURL = "https://github.com/ReactiveX/RxSwift.git";
			requirement = {
				kind = upToNextMajorVersion;
				minimumVersion = 6.0.0;
			};
		};
/* End XCRemoteSwiftPackageReference section */

/* Begin XCSwiftPackageProductDependency section */
		2AC7554A2A7BFE6000099C2A /* SnapKit */ = {
			isa = XCSwiftPackageProductDependency;
			package = 2AC755492A7BFE6000099C2A /* XCRemoteSwiftPackageReference "SnapKit" */;
			productName = SnapKit;
		};
		2AC7554D2A7BFEA100099C2A /* Then */ = {
			isa = XCSwiftPackageProductDependency;
			package = 2AC7554C2A7BFEA100099C2A /* XCRemoteSwiftPackageReference "Then" */;
			productName = Then;
		};
		2AC755502A7BFEED00099C2A /* Alamofire */ = {
			isa = XCSwiftPackageProductDependency;
			package = 2AC7554F2A7BFEED00099C2A /* XCRemoteSwiftPackageReference "Alamofire" */;
			productName = Alamofire;
		};
		2AC755532A7C004B00099C2A /* RxSwift */ = {
			isa = XCSwiftPackageProductDependency;
			package = 2AC755522A7C004B00099C2A /* XCRemoteSwiftPackageReference "RxSwift" */;
			productName = RxSwift;
		};
/* End XCSwiftPackageProductDependency section */

/* Begin XCVersionGroup section */
		2AC7551F2A7BFD2F00099C2A /* FREEWAY.xcdatamodeld */ = {
			isa = XCVersionGroup;
			children = (
				2AC755202A7BFD2F00099C2A /* FREEWAY.xcdatamodel */,
			);
			currentVersion = 2AC755202A7BFD2F00099C2A /* FREEWAY.xcdatamodel */;
			path = FREEWAY.xcdatamodeld;
			sourceTree = "<group>";
			versionGroupType = wrapper.xcdatamodel;
		};
/* End XCVersionGroup section */
	};
	rootObject = 2AC7550B2A7BFD2F00099C2A /* Project object */;
}
